<?xml version="1.0" encoding="utf-8"?>
<Project ToolsVersion="4.0" xmlns="http://schemas.microsoft.com/developer/msbuild/2003">
  <ItemGroup>
    <Filter Include="Source Files">
      <UniqueIdentifier>{4FC737F1-C7A5-4376-A066-2A32D752A2FF}</UniqueIdentifier>
      <Extensions>cpp;c;cc;cxx;def;odl;idl;hpj;bat;asm;asmx</Extensions>
    </Filter>
    <Filter Include="Header Files">
      <UniqueIdentifier>{93995380-89BD-4b04-88EB-625FBE52EBFB}</UniqueIdentifier>
      <Extensions>h;hh;hpp;hxx;hm;inl;inc;xsd</Extensions>
    </Filter>
    <Filter Include="Resource Files">
      <UniqueIdentifier>{67DA6AB6-F800-4c08-8B7A-83BB121AAD01}</UniqueIdentifier>
      <Extensions>qrc;rc;ico;cur;bmp;dlg;rc2;rct;bin;rgs;gif;jpg;jpeg;jpe;resx;tiff;tif;png;wav;mfcribbon-ms</Extensions>
    </Filter>
    <Filter Include="Form Files">
      <UniqueIdentifier>{99349809-55BA-4b9d-BF79-8FDBB0286EB3}</UniqueIdentifier>
      <Extensions>ui</Extensions>
    </Filter>
    <Filter Include="Translation Files">
      <UniqueIdentifier>{639EADAA-A684-42e4-A9AD-28FC9BCB8F7C}</UniqueIdentifier>
      <Extensions>ts</Extensions>
    </Filter>
    <Filter Include="Header Files\GUI">
      <UniqueIdentifier>{aef4f065-5ad6-4a87-8fee-02aee5f26479}</UniqueIdentifier>
    </Filter>
    <Filter Include="Login">
      <UniqueIdentifier>{1e86199f-a02b-4144-a641-89a9fd9ffaf9}</UniqueIdentifier>
    </Filter>
  </ItemGroup>
  <ItemGroup>
    <ClCompile Include="D:\apartment-management2\ApartmentManagement\ApartmentManagement\ListaNotificariGUI.cpp">
      <Filter>Header Files\GUI</Filter>
    </ClCompile>
    <ClCompile Include="D:\apartment-management2\ApartmentManagement\ApartmentManagement\Modele.cpp">
      <Filter>Header Files\GUI</Filter>
    </ClCompile>
    <ClCompile Include="D:\apartment-management2\ApartmentManagement\ApartmentManagement\MyGUIModel.cpp">
      <Filter>Header Files\GUI</Filter>
    </ClCompile>
    <ClCompile Include="D:\apartment-management2\ApartmentManagement\ApartmentManagement\AbstractRepo.cpp">
      <Filter>Source Files</Filter>
    </ClCompile>
    <ClCompile Include="D:\apartment-management2\ApartmentManagement\ApartmentManagement\ActiuneUndo.cpp">
      <Filter>Source Files</Filter>
    </ClCompile>
    <ClCompile Include="D:\apartment-management2\ApartmentManagement\ApartmentManagement\Exceptii.cpp">
      <Filter>Source Files</Filter>
    </ClCompile>
    <ClCompile Include="D:\apartment-management2\ApartmentManagement\ApartmentManagement\ExceptionRepo.cpp">
      <Filter>Source Files</Filter>
    </ClCompile>
    <ClCompile Include="D:\apartment-management2\ApartmentManagement\ApartmentManagement\GUI.cpp">
      <Filter>Source Files</Filter>
    </ClCompile>
    <ClCompile Include="D:\apartment-management2\ApartmentManagement\ApartmentManagement\ListaNotificari.cpp">
      <Filter>Source Files</Filter>
    </ClCompile>
    <ClCompile Include="D:\apartment-management2\ApartmentManagement\ApartmentManagement\Locatar.cpp">
      <Filter>Source Files</Filter>
    </ClCompile>
    <ClCompile Include="D:\apartment-management2\ApartmentManagement\ApartmentManagement\LocatarRepository.cpp">
      <Filter>Source Files</Filter>
    </ClCompile>
    <ClCompile Include="D:\apartment-management2\ApartmentManagement\ApartmentManagement\LocatarRepositoryFile.cpp">
      <Filter>Source Files</Filter>
    </ClCompile>
    <ClCompile Include="D:\apartment-management2\ApartmentManagement\ApartmentManagement\LocatarService.cpp">
      <Filter>Source Files</Filter>
    </ClCompile>
    <ClCompile Include="D:\apartment-management2\ApartmentManagement\ApartmentManagement\Observer.cpp">
      <Filter>Source Files</Filter>
    </ClCompile>
    <ClCompile Include="D:\apartment-management2\ApartmentManagement\ApartmentManagement\Teste.cpp">
      <Filter>Source Files</Filter>
    </ClCompile>
    <ClCompile Include="D:\apartment-management2\ApartmentManagement\ApartmentManagement\UI.cpp">
      <Filter>Source Files</Filter>
    </ClCompile>
    <ClCompile Include="D:\apartment-management2\ApartmentManagement\ApartmentManagement\ValidareLocatar.cpp">
      <Filter>Source Files</Filter>
    </ClCompile>
    <ClCompile Include="D:\apartment-management2\ApartmentManagement\ApartmentManagement\ApartmentManagement.cpp">
      <Filter>Source Files</Filter>
    </ClCompile>
    <ClCompile Include="D:\apartment-management2\ApartmentManagement\ApartmentManagement\main.cpp">
      <Filter>Source Files</Filter>
    </ClCompile>
  </ItemGroup>
  <ItemGroup>
    <ClInclude Include="D:\apartment-management2\ApartmentManagement\ApartmentManagement\ListaNotificariGUI.h">
      <Filter>Header Files\GUI</Filter>
    </ClInclude>
    <ClInclude Include="D:\apartment-management2\ApartmentManagement\ApartmentManagement\Modele.h">
      <Filter>Header Files\GUI</Filter>
    </ClInclude>
    <ClInclude Include="D:\apartment-management2\ApartmentManagement\ApartmentManagement\MyGUIModel.h">
      <Filter>Header Files\GUI</Filter>
    </ClInclude>
    <ClInclude Include="D:\apartment-management2\ApartmentManagement\ApartmentManagement\AbstractRepo.h">
      <Filter>Header Files</Filter>
    </ClInclude>
    <ClInclude Include="D:\apartment-management2\ApartmentManagement\ApartmentManagement\ActiuneUndo.h">
      <Filter>Header Files</Filter>
    </ClInclude>
    <ClInclude Include="D:\apartment-management2\ApartmentManagement\ApartmentManagement\Exceptii.h">
      <Filter>Header Files</Filter>
    </ClInclude>
    <ClInclude Include="D:\apartment-management2\ApartmentManagement\ApartmentManagement\ExceptionRepo.h">
      <Filter>Header Files</Filter>
    </ClInclude>
    <ClInclude Include="D:\apartment-management2\ApartmentManagement\ApartmentManagement\GUI.h">
      <Filter>Header Files</Filter>
    </ClInclude>
    <ClInclude Include="D:\apartment-management2\ApartmentManagement\ApartmentManagement\ListaNotificari.h">
      <Filter>Header Files</Filter>
    </ClInclude>
    <ClInclude Include="D:\apartment-management2\ApartmentManagement\ApartmentManagement\Locatar.h">
      <Filter>Header Files</Filter>
    </ClInclude>
    <ClInclude Include="D:\apartment-management2\ApartmentManagement\ApartmentManagement\LocatarRepository.h">
      <Filter>Header Files</Filter>
    </ClInclude>
    <ClInclude Include="D:\apartment-management2\ApartmentManagement\ApartmentManagement\LocatarRepositoryFile.h">
      <Filter>Header Files</Filter>
    </ClInclude>
    <ClInclude Include="D:\apartment-management2\ApartmentManagement\ApartmentManagement\LocatarService.h">
      <Filter>Header Files</Filter>
    </ClInclude>
    <ClInclude Include="D:\apartment-management2\ApartmentManagement\ApartmentManagement\Observer.h">
      <Filter>Header Files</Filter>
    </ClInclude>
    <ClInclude Include="D:\apartment-management2\ApartmentManagement\ApartmentManagement\Teste.h">
      <Filter>Header Files</Filter>
    </ClInclude>
    <ClInclude Include="D:\apartment-management2\ApartmentManagement\ApartmentManagement\UI.h">
      <Filter>Header Files</Filter>
    </ClInclude>
    <ClInclude Include="D:\apartment-management2\ApartmentManagement\ApartmentManagement\ValidareLocatar.h">
      <Filter>Header Files</Filter>
    </ClInclude>
    <ClInclude Include="D:\apartment-management2\ApartmentManagement\ApartmentManagement\VectorDinamicTemplate.h">
      <Filter>Header Files</Filter>
    </ClInclude>
  </ItemGroup>
  <ItemGroup>
    <QtUic Include="D:\apartment-management2\ApartmentManagement\ApartmentManagement\ApartmentManagement.ui">
      <Filter>Form Files</Filter>
    </QtUic>
  </ItemGroup>
  <ItemGroup>
    <QtRcc Include="D:\apartment-management2\ApartmentManagement\ApartmentManagement\ApartmentManagement.qrc">
      <Filter>Resource Files</Filter>
    </QtRcc>
  </ItemGroup>
  <ItemGroup>
    <QtMoc Include="D:\apartment-management2\ApartmentManagement\ApartmentManagement\ApartmentManagement.h">
      <Filter>Header Files</Filter>
    </QtMoc>
  </ItemGroup>
</Project>